
Microsoft Visual Studio Solution File, Format Version 12.00
# Visual Studio Version 16
VisualStudioVersion = 16.0.28809.33
MinimumVisualStudioVersion = 10.0.40219.1
Project("{FAE04EC0-301F-11D3-BF4B-00C04F79EFBC}") = "Lab3", "Lab3\Lab3.csproj", "{48BE42AE-A11A-4C91-BE26-C6F5DEF96F9C}"
EndProject
Global
	GlobalSection(SolutionConfigurationPlatforms) = preSolution
		Debug|Any CPU = Debug|Any CPU
		Release|Any CPU = Release|Any CPU
	EndGlobalSection
	GlobalSection(ProjectConfigurationPlatforms) = postSolution
		{48BE42AE-A11A-4C91-BE26-C6F5DEF96F9C}.Debug|Any CPU.ActiveCfg = Debug|Any CPU
		{48BE42AE-A11A-4C91-BE26-C6F5DEF96F9C}.Debug|Any CPU.Build.0 = Debug|Any CPU
		{48BE42AE-A11A-4C91-BE26-C6F5DEF96F9C}.Release|Any CPU.ActiveCfg = Release|Any CPU
		{48BE42AE-A11A-4C91-BE26-C6F5DEF96F9C}.Release|Any CPU.Build.0 = Release|Any CPU
	EndGlobalSection
	GlobalSection(SolutionProperties) = preSolution
		HideSolutionNode = FALSE
	EndGlobalSection
	GlobalSection(ExtensibilityGlobals) = postSolution
		SolutionGuid = {5AB9A696-0CA3-4E5C-8B7A-E11E67591B3B}
	EndGlobalSection
EndGlobal
